// !$*UTF8*$!
{
	archiveVersion = 1;
	classes = {
	};
	objectVersion = 55;
	objects = {

/* Begin PBXBuildFile section */
		712A386228B015BC004AA488 /* SearchViewController.swift in Sources */ = {isa = PBXBuildFile; fileRef = 712A386128B015BC004AA488 /* SearchViewController.swift */; };
		712A386428B04078004AA488 /* UIColor+Extension.swift in Sources */ = {isa = PBXBuildFile; fileRef = 712A386328B04078004AA488 /* UIColor+Extension.swift */; };
		712A386728B0479C004AA488 /* Movie.swift in Sources */ = {isa = PBXBuildFile; fileRef = 712A386628B0479C004AA488 /* Movie.swift */; };
		712A387028B0D302004AA488 /* SearchAPI.swift in Sources */ = {isa = PBXBuildFile; fileRef = 712A386F28B0D302004AA488 /* SearchAPI.swift */; };
		712A387228B0D30C004AA488 /* SearchProvider.swift in Sources */ = {isa = PBXBuildFile; fileRef = 712A387128B0D30C004AA488 /* SearchProvider.swift */; };
		712A387428B0D314004AA488 /* SearchService.swift in Sources */ = {isa = PBXBuildFile; fileRef = 712A387328B0D314004AA488 /* SearchService.swift */; };
		712A387628B0D5AB004AA488 /* SearchViewModel.swift in Sources */ = {isa = PBXBuildFile; fileRef = 712A387528B0D5AB004AA488 /* SearchViewModel.swift */; };
		712A387828B0D83E004AA488 /* SearchResult.swift in Sources */ = {isa = PBXBuildFile; fileRef = 712A387728B0D83E004AA488 /* SearchResult.swift */; };
		712A387D28B0DAFB004AA488 /* MovieCollectionViewCell.swift in Sources */ = {isa = PBXBuildFile; fileRef = 712A387B28B0DAFB004AA488 /* MovieCollectionViewCell.swift */; };
		712A387E28B0DAFB004AA488 /* MovieCollectionViewCell.xib in Resources */ = {isa = PBXBuildFile; fileRef = 712A387C28B0DAFB004AA488 /* MovieCollectionViewCell.xib */; };
		712A388128B10300004AA488 /* Kingfisher in Frameworks */ = {isa = PBXBuildFile; productRef = 712A388028B10300004AA488 /* Kingfisher */; };
		712A388328B10319004AA488 /* UIImageView+Extensions.swift in Sources */ = {isa = PBXBuildFile; fileRef = 712A388228B10319004AA488 /* UIImageView+Extensions.swift */; };
		712A388528B1062D004AA488 /* UIView+Extensions.swift in Sources */ = {isa = PBXBuildFile; fileRef = 712A388428B1062D004AA488 /* UIView+Extensions.swift */; };
		71691A3928B1293800092F3C /* NetworkConstants.swift in Sources */ = {isa = PBXBuildFile; fileRef = 71691A3828B1293800092F3C /* NetworkConstants.swift */; };
		71691A3B28B12A4C00092F3C /* NetworkUseCase.swift in Sources */ = {isa = PBXBuildFile; fileRef = 71691A3A28B12A4C00092F3C /* NetworkUseCase.swift */; };
		71691A3D28B12E8000092F3C /* MoviesListUIBuilder.swift in Sources */ = {isa = PBXBuildFile; fileRef = 71691A3C28B12E8000092F3C /* MoviesListUIBuilder.swift */; };
		71691A4028B12FA300092F3C /* DetailsNavigationUseCase.swift in Sources */ = {isa = PBXBuildFile; fileRef = 71691A3F28B12FA300092F3C /* DetailsNavigationUseCase.swift */; };
		71691A4228B1322600092F3C /* MoviesListUseCase.swift in Sources */ = {isa = PBXBuildFile; fileRef = 71691A4128B1322600092F3C /* MoviesListUseCase.swift */; };
		71691A4628B13FBE00092F3C /* FavoritesRepository.swift in Sources */ = {isa = PBXBuildFile; fileRef = 71691A4528B13FBE00092F3C /* FavoritesRepository.swift */; };
		71691A4E28B1946C00092F3C /* HiddenMoviesRepository.swift in Sources */ = {isa = PBXBuildFile; fileRef = 71691A4D28B1946C00092F3C /* HiddenMoviesRepository.swift */; };
		71691A5028B194C200092F3C /* RepositoryUseCase.swift in Sources */ = {isa = PBXBuildFile; fileRef = 71691A4F28B194C200092F3C /* RepositoryUseCase.swift */; };
		71691A5228B1A68C00092F3C /* UIViewController+Extensions.swift in Sources */ = {isa = PBXBuildFile; fileRef = 71691A5128B1A68C00092F3C /* UIViewController+Extensions.swift */; };
		71691A5428B1A86400092F3C /* Reachability.swift in Sources */ = {isa = PBXBuildFile; fileRef = 71691A5328B1A86400092F3C /* Reachability.swift */; };
		716B762128AFF6460060BCB9 /* AppDelegate.swift in Sources */ = {isa = PBXBuildFile; fileRef = 716B762028AFF6460060BCB9 /* AppDelegate.swift */; };
		716B762328AFF6460060BCB9 /* SceneDelegate.swift in Sources */ = {isa = PBXBuildFile; fileRef = 716B762228AFF6460060BCB9 /* SceneDelegate.swift */; };
		716B762828AFF6460060BCB9 /* Main.storyboard in Resources */ = {isa = PBXBuildFile; fileRef = 716B762628AFF6460060BCB9 /* Main.storyboard */; };
		716B762A28AFF6470060BCB9 /* Assets.xcassets in Resources */ = {isa = PBXBuildFile; fileRef = 716B762928AFF6470060BCB9 /* Assets.xcassets */; };
		716B762D28AFF6470060BCB9 /* LaunchScreen.storyboard in Resources */ = {isa = PBXBuildFile; fileRef = 716B762B28AFF6470060BCB9 /* LaunchScreen.storyboard */; };
		716B763828AFF6470060BCB9 /* MokinoTests.swift in Sources */ = {isa = PBXBuildFile; fileRef = 716B763728AFF6470060BCB9 /* MokinoTests.swift */; };
		716B764228AFF6470060BCB9 /* MokinoUITests.swift in Sources */ = {isa = PBXBuildFile; fileRef = 716B764128AFF6470060BCB9 /* MokinoUITests.swift */; };
		716B764428AFF6470060BCB9 /* MokinoUITestsLaunchTests.swift in Sources */ = {isa = PBXBuildFile; fileRef = 716B764328AFF6470060BCB9 /* MokinoUITestsLaunchTests.swift */; };
		716B765B28AFFE260060BCB9 /* FavoritesViewController.swift in Sources */ = {isa = PBXBuildFile; fileRef = 716B765A28AFFE260060BCB9 /* FavoritesViewController.swift */; };
		716B766528B0046C0060BCB9 /* UIStoryboard+Extensions.swift in Sources */ = {isa = PBXBuildFile; fileRef = 716B766428B0046C0060BCB9 /* UIStoryboard+Extensions.swift */; };
		716B766728B005610060BCB9 /* FavoritesViewModel.swift in Sources */ = {isa = PBXBuildFile; fileRef = 716B766628B005610060BCB9 /* FavoritesViewModel.swift */; };
		716B766C28B0066B0060BCB9 /* DetailsViewController.swift in Sources */ = {isa = PBXBuildFile; fileRef = 716B766B28B0066B0060BCB9 /* DetailsViewController.swift */; };
		716B766E28B006750060BCB9 /* DetailsViewModel.swift in Sources */ = {isa = PBXBuildFile; fileRef = 716B766D28B006750060BCB9 /* DetailsViewModel.swift */; };
		716B767228B00AB90060BCB9 /* MainTabBarController.swift in Sources */ = {isa = PBXBuildFile; fileRef = 716B767128B00AB90060BCB9 /* MainTabBarController.swift */; };
		717F39E128B24B21004D019A /* HiddenMoviesViewController.swift in Sources */ = {isa = PBXBuildFile; fileRef = 717F39E028B24B21004D019A /* HiddenMoviesViewController.swift */; };
		717F39E328B24B34004D019A /* HiddenMoviesViewModel.swift in Sources */ = {isa = PBXBuildFile; fileRef = 717F39E228B24B34004D019A /* HiddenMoviesViewModel.swift */; };
		7186AC3F28B2EF7F00398C79 /* Localizable.strings in Resources */ = {isa = PBXBuildFile; fileRef = 7186AC3E28B2EF7F00398C79 /* Localizable.strings */; };
		7186AC4128B2F02800398C79 /* String+Extensions.swift in Sources */ = {isa = PBXBuildFile; fileRef = 7186AC4028B2F02800398C79 /* String+Extensions.swift */; };
/* End PBXBuildFile section */

/* Begin PBXContainerItemProxy section */
		716B763428AFF6470060BCB9 /* PBXContainerItemProxy */ = {
			isa = PBXContainerItemProxy;
			containerPortal = 716B761528AFF6460060BCB9 /* Project object */;
			proxyType = 1;
			remoteGlobalIDString = 716B761C28AFF6460060BCB9;
			remoteInfo = Mokino;
		};
		716B763E28AFF6470060BCB9 /* PBXContainerItemProxy */ = {
			isa = PBXContainerItemProxy;
			containerPortal = 716B761528AFF6460060BCB9 /* Project object */;
			proxyType = 1;
			remoteGlobalIDString = 716B761C28AFF6460060BCB9;
			remoteInfo = Mokino;
		};
/* End PBXContainerItemProxy section */

/* Begin PBXFileReference section */
		712A386128B015BC004AA488 /* SearchViewController.swift */ = {isa = PBXFileReference; lastKnownFileType = sourcecode.swift; path = SearchViewController.swift; sourceTree = "<group>"; };
		712A386328B04078004AA488 /* UIColor+Extension.swift */ = {isa = PBXFileReference; lastKnownFileType = sourcecode.swift; path = "UIColor+Extension.swift"; sourceTree = "<group>"; };
		712A386628B0479C004AA488 /* Movie.swift */ = {isa = PBXFileReference; lastKnownFileType = sourcecode.swift; path = Movie.swift; sourceTree = "<group>"; };
		712A386F28B0D302004AA488 /* SearchAPI.swift */ = {isa = PBXFileReference; lastKnownFileType = sourcecode.swift; path = SearchAPI.swift; sourceTree = "<group>"; };
		712A387128B0D30C004AA488 /* SearchProvider.swift */ = {isa = PBXFileReference; lastKnownFileType = sourcecode.swift; path = SearchProvider.swift; sourceTree = "<group>"; };
		712A387328B0D314004AA488 /* SearchService.swift */ = {isa = PBXFileReference; lastKnownFileType = sourcecode.swift; path = SearchService.swift; sourceTree = "<group>"; };
		712A387528B0D5AB004AA488 /* SearchViewModel.swift */ = {isa = PBXFileReference; lastKnownFileType = sourcecode.swift; path = SearchViewModel.swift; sourceTree = "<group>"; };
		712A387728B0D83E004AA488 /* SearchResult.swift */ = {isa = PBXFileReference; lastKnownFileType = sourcecode.swift; path = SearchResult.swift; sourceTree = "<group>"; };
		712A387B28B0DAFB004AA488 /* MovieCollectionViewCell.swift */ = {isa = PBXFileReference; lastKnownFileType = sourcecode.swift; path = MovieCollectionViewCell.swift; sourceTree = "<group>"; };
		712A387C28B0DAFB004AA488 /* MovieCollectionViewCell.xib */ = {isa = PBXFileReference; lastKnownFileType = file.xib; path = MovieCollectionViewCell.xib; sourceTree = "<group>"; };
		712A388228B10319004AA488 /* UIImageView+Extensions.swift */ = {isa = PBXFileReference; lastKnownFileType = sourcecode.swift; path = "UIImageView+Extensions.swift"; sourceTree = "<group>"; };
		712A388428B1062D004AA488 /* UIView+Extensions.swift */ = {isa = PBXFileReference; lastKnownFileType = sourcecode.swift; path = "UIView+Extensions.swift"; sourceTree = "<group>"; };
		71691A3828B1293800092F3C /* NetworkConstants.swift */ = {isa = PBXFileReference; lastKnownFileType = sourcecode.swift; path = NetworkConstants.swift; sourceTree = "<group>"; };
		71691A3A28B12A4C00092F3C /* NetworkUseCase.swift */ = {isa = PBXFileReference; lastKnownFileType = sourcecode.swift; path = NetworkUseCase.swift; sourceTree = "<group>"; };
		71691A3C28B12E8000092F3C /* MoviesListUIBuilder.swift */ = {isa = PBXFileReference; lastKnownFileType = sourcecode.swift; path = MoviesListUIBuilder.swift; sourceTree = "<group>"; };
		71691A3F28B12FA300092F3C /* DetailsNavigationUseCase.swift */ = {isa = PBXFileReference; lastKnownFileType = sourcecode.swift; path = DetailsNavigationUseCase.swift; sourceTree = "<group>"; };
		71691A4128B1322600092F3C /* MoviesListUseCase.swift */ = {isa = PBXFileReference; lastKnownFileType = sourcecode.swift; path = MoviesListUseCase.swift; sourceTree = "<group>"; };
		71691A4528B13FBE00092F3C /* FavoritesRepository.swift */ = {isa = PBXFileReference; lastKnownFileType = sourcecode.swift; path = FavoritesRepository.swift; sourceTree = "<group>"; };
		71691A4D28B1946C00092F3C /* HiddenMoviesRepository.swift */ = {isa = PBXFileReference; lastKnownFileType = sourcecode.swift; path = HiddenMoviesRepository.swift; sourceTree = "<group>"; };
		71691A4F28B194C200092F3C /* RepositoryUseCase.swift */ = {isa = PBXFileReference; lastKnownFileType = sourcecode.swift; path = RepositoryUseCase.swift; sourceTree = "<group>"; };
		71691A5128B1A68C00092F3C /* UIViewController+Extensions.swift */ = {isa = PBXFileReference; lastKnownFileType = sourcecode.swift; path = "UIViewController+Extensions.swift"; sourceTree = "<group>"; };
		71691A5328B1A86400092F3C /* Reachability.swift */ = {isa = PBXFileReference; lastKnownFileType = sourcecode.swift; path = Reachability.swift; sourceTree = "<group>"; };
		716B761D28AFF6460060BCB9 /* Mokino.app */ = {isa = PBXFileReference; explicitFileType = wrapper.application; includeInIndex = 0; path = Mokino.app; sourceTree = BUILT_PRODUCTS_DIR; };
		716B762028AFF6460060BCB9 /* AppDelegate.swift */ = {isa = PBXFileReference; lastKnownFileType = sourcecode.swift; path = AppDelegate.swift; sourceTree = "<group>"; };
		716B762228AFF6460060BCB9 /* SceneDelegate.swift */ = {isa = PBXFileReference; lastKnownFileType = sourcecode.swift; path = SceneDelegate.swift; sourceTree = "<group>"; };
		716B762728AFF6460060BCB9 /* Base */ = {isa = PBXFileReference; lastKnownFileType = file.storyboard; name = Base; path = Base.lproj/Main.storyboard; sourceTree = "<group>"; };
		716B762928AFF6470060BCB9 /* Assets.xcassets */ = {isa = PBXFileReference; lastKnownFileType = folder.assetcatalog; path = Assets.xcassets; sourceTree = "<group>"; };
		716B762C28AFF6470060BCB9 /* Base */ = {isa = PBXFileReference; lastKnownFileType = file.storyboard; name = Base; path = Base.lproj/LaunchScreen.storyboard; sourceTree = "<group>"; };
		716B762E28AFF6470060BCB9 /* Info.plist */ = {isa = PBXFileReference; lastKnownFileType = text.plist.xml; path = Info.plist; sourceTree = "<group>"; };
		716B763328AFF6470060BCB9 /* MokinoTests.xctest */ = {isa = PBXFileReference; explicitFileType = wrapper.cfbundle; includeInIndex = 0; path = MokinoTests.xctest; sourceTree = BUILT_PRODUCTS_DIR; };
		716B763728AFF6470060BCB9 /* MokinoTests.swift */ = {isa = PBXFileReference; lastKnownFileType = sourcecode.swift; path = MokinoTests.swift; sourceTree = "<group>"; };
		716B763D28AFF6470060BCB9 /* MokinoUITests.xctest */ = {isa = PBXFileReference; explicitFileType = wrapper.cfbundle; includeInIndex = 0; path = MokinoUITests.xctest; sourceTree = BUILT_PRODUCTS_DIR; };
		716B764128AFF6470060BCB9 /* MokinoUITests.swift */ = {isa = PBXFileReference; lastKnownFileType = sourcecode.swift; path = MokinoUITests.swift; sourceTree = "<group>"; };
		716B764328AFF6470060BCB9 /* MokinoUITestsLaunchTests.swift */ = {isa = PBXFileReference; lastKnownFileType = sourcecode.swift; path = MokinoUITestsLaunchTests.swift; sourceTree = "<group>"; };
		716B765A28AFFE260060BCB9 /* FavoritesViewController.swift */ = {isa = PBXFileReference; lastKnownFileType = sourcecode.swift; path = FavoritesViewController.swift; sourceTree = "<group>"; };
		716B766428B0046C0060BCB9 /* UIStoryboard+Extensions.swift */ = {isa = PBXFileReference; lastKnownFileType = sourcecode.swift; path = "UIStoryboard+Extensions.swift"; sourceTree = "<group>"; };
		716B766628B005610060BCB9 /* FavoritesViewModel.swift */ = {isa = PBXFileReference; lastKnownFileType = sourcecode.swift; path = FavoritesViewModel.swift; sourceTree = "<group>"; };
		716B766B28B0066B0060BCB9 /* DetailsViewController.swift */ = {isa = PBXFileReference; lastKnownFileType = sourcecode.swift; path = DetailsViewController.swift; sourceTree = "<group>"; };
		716B766D28B006750060BCB9 /* DetailsViewModel.swift */ = {isa = PBXFileReference; lastKnownFileType = sourcecode.swift; path = DetailsViewModel.swift; sourceTree = "<group>"; };
		716B767128B00AB90060BCB9 /* MainTabBarController.swift */ = {isa = PBXFileReference; lastKnownFileType = sourcecode.swift; path = MainTabBarController.swift; sourceTree = "<group>"; };
		717F39E028B24B21004D019A /* HiddenMoviesViewController.swift */ = {isa = PBXFileReference; lastKnownFileType = sourcecode.swift; path = HiddenMoviesViewController.swift; sourceTree = "<group>"; };
		717F39E228B24B34004D019A /* HiddenMoviesViewModel.swift */ = {isa = PBXFileReference; lastKnownFileType = sourcecode.swift; path = HiddenMoviesViewModel.swift; sourceTree = "<group>"; };
		7186AC3E28B2EF7F00398C79 /* Localizable.strings */ = {isa = PBXFileReference; lastKnownFileType = text.plist.strings; path = Localizable.strings; sourceTree = "<group>"; };
		7186AC4028B2F02800398C79 /* String+Extensions.swift */ = {isa = PBXFileReference; lastKnownFileType = sourcecode.swift; path = "String+Extensions.swift"; sourceTree = "<group>"; };
/* End PBXFileReference section */

/* Begin PBXFrameworksBuildPhase section */
		716B761A28AFF6460060BCB9 /* Frameworks */ = {
			isa = PBXFrameworksBuildPhase;
			buildActionMask = 2147483647;
			files = (
				712A388128B10300004AA488 /* Kingfisher in Frameworks */,
			);
			runOnlyForDeploymentPostprocessing = 0;
		};
		716B763028AFF6470060BCB9 /* Frameworks */ = {
			isa = PBXFrameworksBuildPhase;
			buildActionMask = 2147483647;
			files = (
			);
			runOnlyForDeploymentPostprocessing = 0;
		};
		716B763A28AFF6470060BCB9 /* Frameworks */ = {
			isa = PBXFrameworksBuildPhase;
			buildActionMask = 2147483647;
			files = (
			);
			runOnlyForDeploymentPostprocessing = 0;
		};
/* End PBXFrameworksBuildPhase section */

/* Begin PBXGroup section */
		712A386E28B0D2F3004AA488 /* Search */ = {
			isa = PBXGroup;
			children = (
				712A387128B0D30C004AA488 /* SearchProvider.swift */,
				712A386F28B0D302004AA488 /* SearchAPI.swift */,
				712A387328B0D314004AA488 /* SearchService.swift */,
			);
			path = Search;
			sourceTree = "<group>";
		};
		712A387928B0DAD6004AA488 /* UI */ = {
			isa = PBXGroup;
			children = (
				71691A3C28B12E8000092F3C /* MoviesListUIBuilder.swift */,
				712A387A28B0DAE2004AA488 /* Cells */,
			);
			path = UI;
			sourceTree = "<group>";
		};
		712A387A28B0DAE2004AA488 /* Cells */ = {
			isa = PBXGroup;
			children = (
				71691A4828B181F900092F3C /* Movie */,
			);
			path = Cells;
			sourceTree = "<group>";
		};
		71691A3E28B12F8D00092F3C /* UseCases */ = {
			isa = PBXGroup;
			children = (
				71691A3F28B12FA300092F3C /* DetailsNavigationUseCase.swift */,
				71691A4128B1322600092F3C /* MoviesListUseCase.swift */,
			);
			path = UseCases;
			sourceTree = "<group>";
		};
		71691A4428B13FAB00092F3C /* Repository */ = {
			isa = PBXGroup;
			children = (
				71691A4F28B194C200092F3C /* RepositoryUseCase.swift */,
				71691A4528B13FBE00092F3C /* FavoritesRepository.swift */,
				71691A4D28B1946C00092F3C /* HiddenMoviesRepository.swift */,
			);
			path = Repository;
			sourceTree = "<group>";
		};
		71691A4828B181F900092F3C /* Movie */ = {
			isa = PBXGroup;
			children = (
				712A387B28B0DAFB004AA488 /* MovieCollectionViewCell.swift */,
				712A387C28B0DAFB004AA488 /* MovieCollectionViewCell.xib */,
			);
			path = Movie;
			sourceTree = "<group>";
		};
		716B761428AFF6460060BCB9 = {
			isa = PBXGroup;
			children = (
				716B761F28AFF6460060BCB9 /* Mokino */,
				716B763628AFF6470060BCB9 /* MokinoTests */,
				716B764028AFF6470060BCB9 /* MokinoUITests */,
				716B761E28AFF6460060BCB9 /* Products */,
			);
			sourceTree = "<group>";
		};
		716B761E28AFF6460060BCB9 /* Products */ = {
			isa = PBXGroup;
			children = (
				716B761D28AFF6460060BCB9 /* Mokino.app */,
				716B763328AFF6470060BCB9 /* MokinoTests.xctest */,
				716B763D28AFF6470060BCB9 /* MokinoUITests.xctest */,
			);
			name = Products;
			sourceTree = "<group>";
		};
		716B761F28AFF6460060BCB9 /* Mokino */ = {
			isa = PBXGroup;
			children = (
				716B765028AFF90A0060BCB9 /* Application */,
				71691A4428B13FAB00092F3C /* Repository */,
				716B765428AFF92C0060BCB9 /* Network */,
				716B765328AFF9260060BCB9 /* Domain */,
				716B765528AFFAB70060BCB9 /* Resources */,
				716B765628AFFAC80060BCB9 /* SupportingFiles */,
			);
			path = Mokino;
			sourceTree = "<group>";
		};
		716B763628AFF6470060BCB9 /* MokinoTests */ = {
			isa = PBXGroup;
			children = (
				716B763728AFF6470060BCB9 /* MokinoTests.swift */,
			);
			path = MokinoTests;
			sourceTree = "<group>";
		};
		716B764028AFF6470060BCB9 /* MokinoUITests */ = {
			isa = PBXGroup;
			children = (
				716B764128AFF6470060BCB9 /* MokinoUITests.swift */,
				716B764328AFF6470060BCB9 /* MokinoUITestsLaunchTests.swift */,
			);
			path = MokinoUITests;
			sourceTree = "<group>";
		};
		716B765028AFF90A0060BCB9 /* Application */ = {
			isa = PBXGroup;
			children = (
				71691A3E28B12F8D00092F3C /* UseCases */,
				712A387928B0DAD6004AA488 /* UI */,
				716B766328B0044F0060BCB9 /* Extensions */,
				716B765228AFF91D0060BCB9 /* Scenes */,
			);
			path = Application;
			sourceTree = "<group>";
		};
		716B765228AFF91D0060BCB9 /* Scenes */ = {
			isa = PBXGroup;
			children = (
				717F39DF28B24B07004D019A /* Hidden */,
				716B765828AFFE030060BCB9 /* Favorites */,
				716B765928AFFE0D0060BCB9 /* Search */,
				716B766828B006350060BCB9 /* Details */,
				716B765728AFFD420060BCB9 /* MainTabBar */,
			);
			path = Scenes;
			sourceTree = "<group>";
		};
		716B765328AFF9260060BCB9 /* Domain */ = {
			isa = PBXGroup;
			children = (
				712A386628B0479C004AA488 /* Movie.swift */,
				712A387728B0D83E004AA488 /* SearchResult.swift */,
			);
			path = Domain;
			sourceTree = "<group>";
		};
		716B765428AFF92C0060BCB9 /* Network */ = {
			isa = PBXGroup;
			children = (
				71691A5328B1A86400092F3C /* Reachability.swift */,
				71691A3828B1293800092F3C /* NetworkConstants.swift */,
				71691A3A28B12A4C00092F3C /* NetworkUseCase.swift */,
				712A386E28B0D2F3004AA488 /* Search */,
			);
			path = Network;
			sourceTree = "<group>";
		};
		716B765528AFFAB70060BCB9 /* Resources */ = {
			isa = PBXGroup;
			children = (
				716B762628AFF6460060BCB9 /* Main.storyboard */,
				716B762928AFF6470060BCB9 /* Assets.xcassets */,
				716B762B28AFF6470060BCB9 /* LaunchScreen.storyboard */,
			);
			path = Resources;
			sourceTree = "<group>";
		};
		716B765628AFFAC80060BCB9 /* SupportingFiles */ = {
			isa = PBXGroup;
			children = (
				716B762028AFF6460060BCB9 /* AppDelegate.swift */,
				716B762228AFF6460060BCB9 /* SceneDelegate.swift */,
				716B762E28AFF6470060BCB9 /* Info.plist */,
				7186AC3E28B2EF7F00398C79 /* Localizable.strings */,
			);
			path = SupportingFiles;
			sourceTree = "<group>";
		};
		716B765728AFFD420060BCB9 /* MainTabBar */ = {
			isa = PBXGroup;
			children = (
				716B767128B00AB90060BCB9 /* MainTabBarController.swift */,
			);
			path = MainTabBar;
			sourceTree = "<group>";
		};
		716B765828AFFE030060BCB9 /* Favorites */ = {
			isa = PBXGroup;
			children = (
				716B765A28AFFE260060BCB9 /* FavoritesViewController.swift */,
				716B766628B005610060BCB9 /* FavoritesViewModel.swift */,
			);
			path = Favorites;
			sourceTree = "<group>";
		};
		716B765928AFFE0D0060BCB9 /* Search */ = {
			isa = PBXGroup;
			children = (
				712A387528B0D5AB004AA488 /* SearchViewModel.swift */,
				712A386128B015BC004AA488 /* SearchViewController.swift */,
			);
			path = Search;
			sourceTree = "<group>";
		};
		716B766328B0044F0060BCB9 /* Extensions */ = {
			isa = PBXGroup;
			children = (
				716B766428B0046C0060BCB9 /* UIStoryboard+Extensions.swift */,
				712A386328B04078004AA488 /* UIColor+Extension.swift */,
				712A388228B10319004AA488 /* UIImageView+Extensions.swift */,
				712A388428B1062D004AA488 /* UIView+Extensions.swift */,
				71691A5128B1A68C00092F3C /* UIViewController+Extensions.swift */,
				7186AC4028B2F02800398C79 /* String+Extensions.swift */,
			);
			path = Extensions;
			sourceTree = "<group>";
		};
		716B766828B006350060BCB9 /* Details */ = {
			isa = PBXGroup;
			children = (
				716B766B28B0066B0060BCB9 /* DetailsViewController.swift */,
				716B766D28B006750060BCB9 /* DetailsViewModel.swift */,
			);
			path = Details;
			sourceTree = "<group>";
		};
		717F39DF28B24B07004D019A /* Hidden */ = {
			isa = PBXGroup;
			children = (
				717F39E028B24B21004D019A /* HiddenMoviesViewController.swift */,
				717F39E228B24B34004D019A /* HiddenMoviesViewModel.swift */,
			);
			path = Hidden;
			sourceTree = "<group>";
		};
/* End PBXGroup section */

/* Begin PBXNativeTarget section */
		716B761C28AFF6460060BCB9 /* Mokino */ = {
			isa = PBXNativeTarget;
			buildConfigurationList = 716B764728AFF6470060BCB9 /* Build configuration list for PBXNativeTarget "Mokino" */;
			buildPhases = (
				716B761928AFF6460060BCB9 /* Sources */,
				716B761A28AFF6460060BCB9 /* Frameworks */,
				716B761B28AFF6460060BCB9 /* Resources */,
			);
			buildRules = (
			);
			dependencies = (
			);
			name = Mokino;
			packageProductDependencies = (
				712A388028B10300004AA488 /* Kingfisher */,
			);
			productName = Mokino;
			productReference = 716B761D28AFF6460060BCB9 /* Mokino.app */;
			productType = "com.apple.product-type.application";
		};
		716B763228AFF6470060BCB9 /* MokinoTests */ = {
			isa = PBXNativeTarget;
			buildConfigurationList = 716B764A28AFF6470060BCB9 /* Build configuration list for PBXNativeTarget "MokinoTests" */;
			buildPhases = (
				716B762F28AFF6470060BCB9 /* Sources */,
				716B763028AFF6470060BCB9 /* Frameworks */,
				716B763128AFF6470060BCB9 /* Resources */,
			);
			buildRules = (
			);
			dependencies = (
				716B763528AFF6470060BCB9 /* PBXTargetDependency */,
			);
			name = MokinoTests;
			productName = MokinoTests;
			productReference = 716B763328AFF6470060BCB9 /* MokinoTests.xctest */;
			productType = "com.apple.product-type.bundle.unit-test";
		};
		716B763C28AFF6470060BCB9 /* MokinoUITests */ = {
			isa = PBXNativeTarget;
			buildConfigurationList = 716B764D28AFF6470060BCB9 /* Build configuration list for PBXNativeTarget "MokinoUITests" */;
			buildPhases = (
				716B763928AFF6470060BCB9 /* Sources */,
				716B763A28AFF6470060BCB9 /* Frameworks */,
				716B763B28AFF6470060BCB9 /* Resources */,
			);
			buildRules = (
			);
			dependencies = (
				716B763F28AFF6470060BCB9 /* PBXTargetDependency */,
			);
			name = MokinoUITests;
			productName = MokinoUITests;
			productReference = 716B763D28AFF6470060BCB9 /* MokinoUITests.xctest */;
			productType = "com.apple.product-type.bundle.ui-testing";
		};
/* End PBXNativeTarget section */

/* Begin PBXProject section */
		716B761528AFF6460060BCB9 /* Project object */ = {
			isa = PBXProject;
			attributes = {
				BuildIndependentTargetsInParallel = 1;
				LastSwiftUpdateCheck = 1340;
				LastUpgradeCheck = 1340;
				TargetAttributes = {
					716B761C28AFF6460060BCB9 = {
						CreatedOnToolsVersion = 13.4.1;
					};
					716B763228AFF6470060BCB9 = {
						CreatedOnToolsVersion = 13.4.1;
						TestTargetID = 716B761C28AFF6460060BCB9;
					};
					716B763C28AFF6470060BCB9 = {
						CreatedOnToolsVersion = 13.4.1;
						TestTargetID = 716B761C28AFF6460060BCB9;
					};
				};
			};
			buildConfigurationList = 716B761828AFF6460060BCB9 /* Build configuration list for PBXProject "Mokino" */;
			compatibilityVersion = "Xcode 13.0";
			developmentRegion = en;
			hasScannedForEncodings = 0;
			knownRegions = (
				en,
				Base,
			);
			mainGroup = 716B761428AFF6460060BCB9;
			packageReferences = (
				712A387F28B10300004AA488 /* XCRemoteSwiftPackageReference "Kingfisher" */,
			);
			productRefGroup = 716B761E28AFF6460060BCB9 /* Products */;
			projectDirPath = "";
			projectRoot = "";
			targets = (
				716B761C28AFF6460060BCB9 /* Mokino */,
				716B763228AFF6470060BCB9 /* MokinoTests */,
				716B763C28AFF6470060BCB9 /* MokinoUITests */,
			);
		};
/* End PBXProject section */

/* Begin PBXResourcesBuildPhase section */
		716B761B28AFF6460060BCB9 /* Resources */ = {
			isa = PBXResourcesBuildPhase;
			buildActionMask = 2147483647;
			files = (
				7186AC3F28B2EF7F00398C79 /* Localizable.strings in Resources */,
				716B762D28AFF6470060BCB9 /* LaunchScreen.storyboard in Resources */,
				716B762A28AFF6470060BCB9 /* Assets.xcassets in Resources */,
				716B762828AFF6460060BCB9 /* Main.storyboard in Resources */,
				712A387E28B0DAFB004AA488 /* MovieCollectionViewCell.xib in Resources */,
			);
			runOnlyForDeploymentPostprocessing = 0;
		};
		716B763128AFF6470060BCB9 /* Resources */ = {
			isa = PBXResourcesBuildPhase;
			buildActionMask = 2147483647;
			files = (
			);
			runOnlyForDeploymentPostprocessing = 0;
		};
		716B763B28AFF6470060BCB9 /* Resources */ = {
			isa = PBXResourcesBuildPhase;
			buildActionMask = 2147483647;
			files = (
			);
			runOnlyForDeploymentPostprocessing = 0;
		};
/* End PBXResourcesBuildPhase section */

/* Begin PBXSourcesBuildPhase section */
		716B761928AFF6460060BCB9 /* Sources */ = {
			isa = PBXSourcesBuildPhase;
			buildActionMask = 2147483647;
			files = (
				712A387228B0D30C004AA488 /* SearchProvider.swift in Sources */,
				716B762128AFF6460060BCB9 /* AppDelegate.swift in Sources */,
				716B766728B005610060BCB9 /* FavoritesViewModel.swift in Sources */,
				716B765B28AFFE260060BCB9 /* FavoritesViewController.swift in Sources */,
				7186AC4128B2F02800398C79 /* String+Extensions.swift in Sources */,
				712A386228B015BC004AA488 /* SearchViewController.swift in Sources */,
				712A387428B0D314004AA488 /* SearchService.swift in Sources */,
				717F39E128B24B21004D019A /* HiddenMoviesViewController.swift in Sources */,
				712A387628B0D5AB004AA488 /* SearchViewModel.swift in Sources */,
				71691A4628B13FBE00092F3C /* FavoritesRepository.swift in Sources */,
				712A387D28B0DAFB004AA488 /* MovieCollectionViewCell.swift in Sources */,
				71691A3D28B12E8000092F3C /* MoviesListUIBuilder.swift in Sources */,
				712A387028B0D302004AA488 /* SearchAPI.swift in Sources */,
				71691A4E28B1946C00092F3C /* HiddenMoviesRepository.swift in Sources */,
				712A388528B1062D004AA488 /* UIView+Extensions.swift in Sources */,
				712A387828B0D83E004AA488 /* SearchResult.swift in Sources */,
				71691A5028B194C200092F3C /* RepositoryUseCase.swift in Sources */,
				716B767228B00AB90060BCB9 /* MainTabBarController.swift in Sources */,
				716B762328AFF6460060BCB9 /* SceneDelegate.swift in Sources */,
				716B766E28B006750060BCB9 /* DetailsViewModel.swift in Sources */,
				712A388328B10319004AA488 /* UIImageView+Extensions.swift in Sources */,
				716B766528B0046C0060BCB9 /* UIStoryboard+Extensions.swift in Sources */,
				71691A4228B1322600092F3C /* MoviesListUseCase.swift in Sources */,
				71691A3B28B12A4C00092F3C /* NetworkUseCase.swift in Sources */,
				716B766C28B0066B0060BCB9 /* DetailsViewController.swift in Sources */,
				71691A4028B12FA300092F3C /* DetailsNavigationUseCase.swift in Sources */,
				717F39E328B24B34004D019A /* HiddenMoviesViewModel.swift in Sources */,
				712A386728B0479C004AA488 /* Movie.swift in Sources */,
				71691A5228B1A68C00092F3C /* UIViewController+Extensions.swift in Sources */,
				71691A5428B1A86400092F3C /* Reachability.swift in Sources */,
				712A386428B04078004AA488 /* UIColor+Extension.swift in Sources */,
				71691A3928B1293800092F3C /* NetworkConstants.swift in Sources */,
			);
			runOnlyForDeploymentPostprocessing = 0;
		};
		716B762F28AFF6470060BCB9 /* Sources */ = {
			isa = PBXSourcesBuildPhase;
			buildActionMask = 2147483647;
			files = (
				716B763828AFF6470060BCB9 /* MokinoTests.swift in Sources */,
			);
			runOnlyForDeploymentPostprocessing = 0;
		};
		716B763928AFF6470060BCB9 /* Sources */ = {
			isa = PBXSourcesBuildPhase;
			buildActionMask = 2147483647;
			files = (
				716B764228AFF6470060BCB9 /* MokinoUITests.swift in Sources */,
				716B764428AFF6470060BCB9 /* MokinoUITestsLaunchTests.swift in Sources */,
			);
			runOnlyForDeploymentPostprocessing = 0;
		};
/* End PBXSourcesBuildPhase section */

/* Begin PBXTargetDependency section */
		716B763528AFF6470060BCB9 /* PBXTargetDependency */ = {
			isa = PBXTargetDependency;
			target = 716B761C28AFF6460060BCB9 /* Mokino */;
			targetProxy = 716B763428AFF6470060BCB9 /* PBXContainerItemProxy */;
		};
		716B763F28AFF6470060BCB9 /* PBXTargetDependency */ = {
			isa = PBXTargetDependency;
			target = 716B761C28AFF6460060BCB9 /* Mokino */;
			targetProxy = 716B763E28AFF6470060BCB9 /* PBXContainerItemProxy */;
		};
/* End PBXTargetDependency section */

/* Begin PBXVariantGroup section */
		716B762628AFF6460060BCB9 /* Main.storyboard */ = {
			isa = PBXVariantGroup;
			children = (
				716B762728AFF6460060BCB9 /* Base */,
			);
			name = Main.storyboard;
			sourceTree = "<group>";
		};
		716B762B28AFF6470060BCB9 /* LaunchScreen.storyboard */ = {
			isa = PBXVariantGroup;
			children = (
				716B762C28AFF6470060BCB9 /* Base */,
			);
			name = LaunchScreen.storyboard;
			sourceTree = "<group>";
		};
/* End PBXVariantGroup section */

/* Begin XCBuildConfiguration section */
		716B764528AFF6470060BCB9 /* Debug */ = {
			isa = XCBuildConfiguration;
			buildSettings = {
				ALWAYS_SEARCH_USER_PATHS = NO;
				CLANG_ANALYZER_NONNULL = YES;
				CLANG_ANALYZER_NUMBER_OBJECT_CONVERSION = YES_AGGRESSIVE;
				CLANG_CXX_LANGUAGE_STANDARD = "gnu++17";
				CLANG_ENABLE_MODULES = YES;
				CLANG_ENABLE_OBJC_ARC = YES;
				CLANG_ENABLE_OBJC_WEAK = YES;
				CLANG_WARN_BLOCK_CAPTURE_AUTORELEASING = YES;
				CLANG_WARN_BOOL_CONVERSION = YES;
				CLANG_WARN_COMMA = YES;
				CLANG_WARN_CONSTANT_CONVERSION = YES;
				CLANG_WARN_DEPRECATED_OBJC_IMPLEMENTATIONS = YES;
				CLANG_WARN_DIRECT_OBJC_ISA_USAGE = YES_ERROR;
				CLANG_WARN_DOCUMENTATION_COMMENTS = YES;
				CLANG_WARN_EMPTY_BODY = YES;
				CLANG_WARN_ENUM_CONVERSION = YES;
				CLANG_WARN_INFINITE_RECURSION = YES;
				CLANG_WARN_INT_CONVERSION = YES;
				CLANG_WARN_NON_LITERAL_NULL_CONVERSION = YES;
				CLANG_WARN_OBJC_IMPLICIT_RETAIN_SELF = YES;
				CLANG_WARN_OBJC_LITERAL_CONVERSION = YES;
				CLANG_WARN_OBJC_ROOT_CLASS = YES_ERROR;
				CLANG_WARN_QUOTED_INCLUDE_IN_FRAMEWORK_HEADER = YES;
				CLANG_WARN_RANGE_LOOP_ANALYSIS = YES;
				CLANG_WARN_STRICT_PROTOTYPES = YES;
				CLANG_WARN_SUSPICIOUS_MOVE = YES;
				CLANG_WARN_UNGUARDED_AVAILABILITY = YES_AGGRESSIVE;
				CLANG_WARN_UNREACHABLE_CODE = YES;
				CLANG_WARN__DUPLICATE_METHOD_MATCH = YES;
				COPY_PHASE_STRIP = NO;
				DEBUG_INFORMATION_FORMAT = dwarf;
				ENABLE_STRICT_OBJC_MSGSEND = YES;
				ENABLE_TESTABILITY = YES;
				GCC_C_LANGUAGE_STANDARD = gnu11;
				GCC_DYNAMIC_NO_PIC = NO;
				GCC_NO_COMMON_BLOCKS = YES;
				GCC_OPTIMIZATION_LEVEL = 0;
				GCC_PREPROCESSOR_DEFINITIONS = (
					"DEBUG=1",
					"$(inherited)",
				);
				GCC_WARN_64_TO_32_BIT_CONVERSION = YES;
				GCC_WARN_ABOUT_RETURN_TYPE = YES_ERROR;
				GCC_WARN_UNDECLARED_SELECTOR = YES;
				GCC_WARN_UNINITIALIZED_AUTOS = YES_AGGRESSIVE;
				GCC_WARN_UNUSED_FUNCTION = YES;
				GCC_WARN_UNUSED_VARIABLE = YES;
				IPHONEOS_DEPLOYMENT_TARGET = 15.5;
				MTL_ENABLE_DEBUG_INFO = INCLUDE_SOURCE;
				MTL_FAST_MATH = YES;
				ONLY_ACTIVE_ARCH = YES;
				SDKROOT = iphoneos;
				SWIFT_ACTIVE_COMPILATION_CONDITIONS = DEBUG;
				SWIFT_OPTIMIZATION_LEVEL = "-Onone";
			};
			name = Debug;
		};
		716B764628AFF6470060BCB9 /* Release */ = {
			isa = XCBuildConfiguration;
			buildSettings = {
				ALWAYS_SEARCH_USER_PATHS = NO;
				CLANG_ANALYZER_NONNULL = YES;
				CLANG_ANALYZER_NUMBER_OBJECT_CONVERSION = YES_AGGRESSIVE;
				CLANG_CXX_LANGUAGE_STANDARD = "gnu++17";
				CLANG_ENABLE_MODULES = YES;
				CLANG_ENABLE_OBJC_ARC = YES;
				CLANG_ENABLE_OBJC_WEAK = YES;
				CLANG_WARN_BLOCK_CAPTURE_AUTORELEASING = YES;
				CLANG_WARN_BOOL_CONVERSION = YES;
				CLANG_WARN_COMMA = YES;
				CLANG_WARN_CONSTANT_CONVERSION = YES;
				CLANG_WARN_DEPRECATED_OBJC_IMPLEMENTATIONS = YES;
				CLANG_WARN_DIRECT_OBJC_ISA_USAGE = YES_ERROR;
				CLANG_WARN_DOCUMENTATION_COMMENTS = YES;
				CLANG_WARN_EMPTY_BODY = YES;
				CLANG_WARN_ENUM_CONVERSION = YES;
				CLANG_WARN_INFINITE_RECURSION = YES;
				CLANG_WARN_INT_CONVERSION = YES;
				CLANG_WARN_NON_LITERAL_NULL_CONVERSION = YES;
				CLANG_WARN_OBJC_IMPLICIT_RETAIN_SELF = YES;
				CLANG_WARN_OBJC_LITERAL_CONVERSION = YES;
				CLANG_WARN_OBJC_ROOT_CLASS = YES_ERROR;
				CLANG_WARN_QUOTED_INCLUDE_IN_FRAMEWORK_HEADER = YES;
				CLANG_WARN_RANGE_LOOP_ANALYSIS = YES;
				CLANG_WARN_STRICT_PROTOTYPES = YES;
				CLANG_WARN_SUSPICIOUS_MOVE = YES;
				CLANG_WARN_UNGUARDED_AVAILABILITY = YES_AGGRESSIVE;
				CLANG_WARN_UNREACHABLE_CODE = YES;
				CLANG_WARN__DUPLICATE_METHOD_MATCH = YES;
				COPY_PHASE_STRIP = NO;
				DEBUG_INFORMATION_FORMAT = "dwarf-with-dsym";
				ENABLE_NS_ASSERTIONS = NO;
				ENABLE_STRICT_OBJC_MSGSEND = YES;
				GCC_C_LANGUAGE_STANDARD = gnu11;
				GCC_NO_COMMON_BLOCKS = YES;
				GCC_WARN_64_TO_32_BIT_CONVERSION = YES;
				GCC_WARN_ABOUT_RETURN_TYPE = YES_ERROR;
				GCC_WARN_UNDECLARED_SELECTOR = YES;
				GCC_WARN_UNINITIALIZED_AUTOS = YES_AGGRESSIVE;
				GCC_WARN_UNUSED_FUNCTION = YES;
				GCC_WARN_UNUSED_VARIABLE = YES;
				IPHONEOS_DEPLOYMENT_TARGET = 15.5;
				MTL_ENABLE_DEBUG_INFO = NO;
				MTL_FAST_MATH = YES;
				SDKROOT = iphoneos;
				SWIFT_COMPILATION_MODE = wholemodule;
				SWIFT_OPTIMIZATION_LEVEL = "-O";
				VALIDATE_PRODUCT = YES;
			};
			name = Release;
		};
		716B764828AFF6470060BCB9 /* Debug */ = {
			isa = XCBuildConfiguration;
			buildSettings = {
				ASSETCATALOG_COMPILER_APPICON_NAME = AppIcon;
				ASSETCATALOG_COMPILER_GLOBAL_ACCENT_COLOR_NAME = AccentColor;
				CODE_SIGN_STYLE = Automatic;
				CURRENT_PROJECT_VERSION = 1;
				DEVELOPMENT_TEAM = WX96Q8G99E;
				GENERATE_INFOPLIST_FILE = YES;
				INFOPLIST_FILE = Mokino/SupportingFiles/Info.plist;
				INFOPLIST_KEY_UIApplicationSupportsIndirectInputEvents = YES;
				INFOPLIST_KEY_UILaunchStoryboardName = LaunchScreen;
				INFOPLIST_KEY_UIMainStoryboardFile = Main;
				INFOPLIST_KEY_UISupportedInterfaceOrientations_iPad = "UIInterfaceOrientationPortrait UIInterfaceOrientationPortraitUpsideDown UIInterfaceOrientationLandscapeLeft UIInterfaceOrientationLandscapeRight";
				INFOPLIST_KEY_UISupportedInterfaceOrientations_iPhone = "UIInterfaceOrientationPortrait UIInterfaceOrientationLandscapeLeft UIInterfaceOrientationLandscapeRight";
				LD_RUNPATH_SEARCH_PATHS = (
					"$(inherited)",
					"@executable_path/Frameworks",
				);
				MARKETING_VERSION = 1.0;
				PRODUCT_BUNDLE_IDENTIFIER = com.jlopesoares.Mokino;
				PRODUCT_NAME = "$(TARGET_NAME)";
				SWIFT_EMIT_LOC_STRINGS = YES;
				SWIFT_VERSION = 5.0;
				TARGETED_DEVICE_FAMILY = "1,2";
			};
			name = Debug;
		};
		716B764928AFF6470060BCB9 /* Release */ = {
			isa = XCBuildConfiguration;
			buildSettings = {
				ASSETCATALOG_COMPILER_APPICON_NAME = AppIcon;
				ASSETCATALOG_COMPILER_GLOBAL_ACCENT_COLOR_NAME = AccentColor;
				CODE_SIGN_STYLE = Automatic;
				CURRENT_PROJECT_VERSION = 1;
				DEVELOPMENT_TEAM = WX96Q8G99E;
				GENERATE_INFOPLIST_FILE = YES;
				INFOPLIST_FILE = Mokino/SupportingFiles/Info.plist;
				INFOPLIST_KEY_UIApplicationSupportsIndirectInputEvents = YES;
				INFOPLIST_KEY_UILaunchStoryboardName = LaunchScreen;
				INFOPLIST_KEY_UIMainStoryboardFile = Main;
				INFOPLIST_KEY_UISupportedInterfaceOrientations_iPad = "UIInterfaceOrientationPortrait UIInterfaceOrientationPortraitUpsideDown UIInterfaceOrientationLandscapeLeft UIInterfaceOrientationLandscapeRight";
				INFOPLIST_KEY_UISupportedInterfaceOrientations_iPhone = "UIInterfaceOrientationPortrait UIInterfaceOrientationLandscapeLeft UIInterfaceOrientationLandscapeRight";
				LD_RUNPATH_SEARCH_PATHS = (
					"$(inherited)",
					"@executable_path/Frameworks",
				);
				MARKETING_VERSION = 1.0;
				PRODUCT_BUNDLE_IDENTIFIER = com.jlopesoares.Mokino;
				PRODUCT_NAME = "$(TARGET_NAME)";
				SWIFT_EMIT_LOC_STRINGS = YES;
				SWIFT_VERSION = 5.0;
				TARGETED_DEVICE_FAMILY = "1,2";
			};
			name = Release;
		};
		716B764B28AFF6470060BCB9 /* Debug */ = {
			isa = XCBuildConfiguration;
			buildSettings = {
				ALWAYS_EMBED_SWIFT_STANDARD_LIBRARIES = YES;
				BUNDLE_LOADER = "$(TEST_HOST)";
				CODE_SIGN_STYLE = Automatic;
				CURRENT_PROJECT_VERSION = 1;
				GENERATE_INFOPLIST_FILE = YES;
				IPHONEOS_DEPLOYMENT_TARGET = 15.5;
				MARKETING_VERSION = 1.0;
				PRODUCT_BUNDLE_IDENTIFIER = com.jlopesoares.MokinoTests;
				PRODUCT_NAME = "$(TARGET_NAME)";
				SWIFT_EMIT_LOC_STRINGS = NO;
				SWIFT_VERSION = 5.0;
				TARGETED_DEVICE_FAMILY = "1,2";
				TEST_HOST = "$(BUILT_PRODUCTS_DIR)/Mokino.app/Mokino";
			};
			name = Debug;
		};
		716B764C28AFF6470060BCB9 /* Release */ = {
			isa = XCBuildConfiguration;
			buildSettings = {
				ALWAYS_EMBED_SWIFT_STANDARD_LIBRARIES = YES;
				BUNDLE_LOADER = "$(TEST_HOST)";
				CODE_SIGN_STYLE = Automatic;
				CURRENT_PROJECT_VERSION = 1;
				GENERATE_INFOPLIST_FILE = YES;
				IPHONEOS_DEPLOYMENT_TARGET = 15.5;
				MARKETING_VERSION = 1.0;
				PRODUCT_BUNDLE_IDENTIFIER = com.jlopesoares.MokinoTests;
				PRODUCT_NAME = "$(TARGET_NAME)";
				SWIFT_EMIT_LOC_STRINGS = NO;
				SWIFT_VERSION = 5.0;
				TARGETED_DEVICE_FAMILY = "1,2";
				TEST_HOST = "$(BUILT_PRODUCTS_DIR)/Mokino.app/Mokino";
			};
			name = Release;
		};
		716B764E28AFF6470060BCB9 /* Debug */ = {
			isa = XCBuildConfiguration;
			buildSettings = {
				ALWAYS_EMBED_SWIFT_STANDARD_LIBRARIES = YES;
				CODE_SIGN_STYLE = Automatic;
				CURRENT_PROJECT_VERSION = 1;
				GENERATE_INFOPLIST_FILE = YES;
				MARKETING_VERSION = 1.0;
				PRODUCT_BUNDLE_IDENTIFIER = com.jlopesoares.MokinoUITests;
				PRODUCT_NAME = "$(TARGET_NAME)";
				SWIFT_EMIT_LOC_STRINGS = NO;
				SWIFT_VERSION = 5.0;
				TARGETED_DEVICE_FAMILY = "1,2";
				TEST_TARGET_NAME = Mokino;
			};
			name = Debug;
		};
		716B764F28AFF6470060BCB9 /* Release */ = {
			isa = XCBuildConfiguration;
			buildSettings = {
				ALWAYS_EMBED_SWIFT_STANDARD_LIBRARIES = YES;
				CODE_SIGN_STYLE = Automatic;
				CURRENT_PROJECT_VERSION = 1;
				GENERATE_INFOPLIST_FILE = YES;
				MARKETING_VERSION = 1.0;
				PRODUCT_BUNDLE_IDENTIFIER = com.jlopesoares.MokinoUITests;
				PRODUCT_NAME = "$(TARGET_NAME)";
				SWIFT_EMIT_LOC_STRINGS = NO;
				SWIFT_VERSION = 5.0;
				TARGETED_DEVICE_FAMILY = "1,2";
				TEST_TARGET_NAME = Mokino;
			};
			name = Release;
		};
/* End XCBuildConfiguration section */

/* Begin XCConfigurationList section */
		716B761828AFF6460060BCB9 /* Build configuration list for PBXProject "Mokino" */ = {
			isa = XCConfigurationList;
			buildConfigurations = (
				716B764528AFF6470060BCB9 /* Debug */,
				716B764628AFF6470060BCB9 /* Release */,
			);
			defaultConfigurationIsVisible = 0;
			defaultConfigurationName = Release;
		};
		716B764728AFF6470060BCB9 /* Build configuration list for PBXNativeTarget "Mokino" */ = {
			isa = XCConfigurationList;
			buildConfigurations = (
				716B764828AFF6470060BCB9 /* Debug */,
				716B764928AFF6470060BCB9 /* Release */,
			);
			defaultConfigurationIsVisible = 0;
			defaultConfigurationName = Release;
		};
		716B764A28AFF6470060BCB9 /* Build configuration list for PBXNativeTarget "MokinoTests" */ = {
			isa = XCConfigurationList;
			buildConfigurations = (
				716B764B28AFF6470060BCB9 /* Debug */,
				716B764C28AFF6470060BCB9 /* Release */,
			);
			defaultConfigurationIsVisible = 0;
			defaultConfigurationName = Release;
		};
		716B764D28AFF6470060BCB9 /* Build configuration list for PBXNativeTarget "MokinoUITests" */ = {
			isa = XCConfigurationList;
			buildConfigurations = (
				716B764E28AFF6470060BCB9 /* Debug */,
				716B764F28AFF6470060BCB9 /* Release */,
			);
			defaultConfigurationIsVisible = 0;
			defaultConfigurationName = Release;
		};
/* End XCConfigurationList section */

/* Begin XCRemoteSwiftPackageReference section */
		712A387F28B10300004AA488 /* XCRemoteSwiftPackageReference "Kingfisher" */ = {
			isa = XCRemoteSwiftPackageReference;
			repositoryURL = "https://github.com/onevcat/Kingfisher.git";
			requirement = {
				kind = upToNextMajorVersion;
				minimumVersion = 7.0.0;
			};
		};
/* End XCRemoteSwiftPackageReference section */

/* Begin XCSwiftPackageProductDependency section */
		712A388028B10300004AA488 /* Kingfisher */ = {
			isa = XCSwiftPackageProductDependency;
			package = 712A387F28B10300004AA488 /* XCRemoteSwiftPackageReference "Kingfisher" */;
			productName = Kingfisher;
		};
/* End XCSwiftPackageProductDependency section */
	};
	rootObject = 716B761528AFF6460060BCB9 /* Project object */;
}
